
Microsoft Visual Studio Solution File, Format Version 12.00
# Visual Studio 15
VisualStudioVersion = 15.0.27130.2027
MinimumVisualStudioVersion = 10.0.40219.1
Project("{FAE04EC0-301F-11D3-BF4B-00C04F79EFBC}") = "ProjectWPF", "ProjectWPF\ProjectWPF.csproj", "{2C324663-C065-4785-8249-89686058BCAD}"
EndProject
Global
	GlobalSection(SolutionConfigurationPlatforms) = preSolution
		Debug|Any CPU = Debug|Any CPU
		Release|Any CPU = Release|Any CPU
	EndGlobalSection
	GlobalSection(ProjectConfigurationPlatforms) = postSolution
		{2C324663-C065-4785-8249-89686058BCAD}.Debug|Any CPU.ActiveCfg = Debug|Any CPU
		{2C324663-C065-4785-8249-89686058BCAD}.Debug|Any CPU.Build.0 = Debug|Any CPU
		{2C324663-C065-4785-8249-89686058BCAD}.Release|Any CPU.ActiveCfg = Release|Any CPU
		{2C324663-C065-4785-8249-89686058BCAD}.Release|Any CPU.Build.0 = Release|Any CPU
	EndGlobalSection
	GlobalSection(SolutionProperties) = preSolution
		HideSolutionNode = FALSE
	EndGlobalSection
	GlobalSection(ExtensibilityGlobals) = postSolution
		SolutionGuid = {FE00252E-A213-433C-8E48-47F234C04761}
	EndGlobalSection
EndGlobal
